
Microsoft Visual Studio Solution File, Format Version 12.00
# Visual Studio Version 17
VisualStudioVersion = 17.4.33205.214
MinimumVisualStudioVersion = 10.0.40219.1
Project("{FAE04EC0-301F-11D3-BF4B-00C04F79EFBC}") = "EmpresaWeb", "EmpresaWeb\EmpresaWeb.csproj", "{FA4E6EC0-D41B-4DF2-840C-7855943CEA9C}"
EndProject
Project("{FAE04EC0-301F-11D3-BF4B-00C04F79EFBC}") = "EmpresaData", "EmpresaData\EmpresaData.csproj", "{E814323A-49CA-49C1-BFE9-2A6A461FE806}"
EndProject
Global
	GlobalSection(SolutionConfigurationPlatforms) = preSolution
		Debug|Any CPU = Debug|Any CPU
		Release|Any CPU = Release|Any CPU
	EndGlobalSection
	GlobalSection(ProjectConfigurationPlatforms) = postSolution
		{FA4E6EC0-D41B-4DF2-840C-7855943CEA9C}.Debug|Any CPU.ActiveCfg = Debug|Any CPU
		{FA4E6EC0-D41B-4DF2-840C-7855943CEA9C}.Debug|Any CPU.Build.0 = Debug|Any CPU
		{FA4E6EC0-D41B-4DF2-840C-7855943CEA9C}.Release|Any CPU.ActiveCfg = Release|Any CPU
		{FA4E6EC0-D41B-4DF2-840C-7855943CEA9C}.Release|Any CPU.Build.0 = Release|Any CPU
		{E814323A-49CA-49C1-BFE9-2A6A461FE806}.Debug|Any CPU.ActiveCfg = Debug|Any CPU
		{E814323A-49CA-49C1-BFE9-2A6A461FE806}.Debug|Any CPU.Build.0 = Debug|Any CPU
		{E814323A-49CA-49C1-BFE9-2A6A461FE806}.Release|Any CPU.ActiveCfg = Release|Any CPU
		{E814323A-49CA-49C1-BFE9-2A6A461FE806}.Release|Any CPU.Build.0 = Release|Any CPU
	EndGlobalSection
	GlobalSection(SolutionProperties) = preSolution
		HideSolutionNode = FALSE
	EndGlobalSection
	GlobalSection(ExtensibilityGlobals) = postSolution
		SolutionGuid = {44FEBCF5-800E-40DF-97DE-945C2A612D24}
	EndGlobalSection
EndGlobal
